// !$*UTF8*$!
{
	archiveVersion = 1;
	classes = {
	};
	objectVersion = 56;
	objects = {

/* Begin PBXBuildFile section */
		3C76FF7B2BED375F00674C7F /* RealityKitContent in Frameworks */ = {isa = PBXBuildFile; productRef = 3C76FF7A2BED375F00674C7F /* RealityKitContent */; };
		3C76FF7D2BED375F00674C7F /* TunnelOfCirclesApp.swift in Sources */ = {isa = PBXBuildFile; fileRef = 3C76FF7C2BED375F00674C7F /* TunnelOfCirclesApp.swift */; };
		3C76FF7F2BED375F00674C7F /* ContentView.swift in Sources */ = {isa = PBXBuildFile; fileRef = 3C76FF7E2BED375F00674C7F /* ContentView.swift */; };
		3C76FF812BED376200674C7F /* Assets.xcassets in Resources */ = {isa = PBXBuildFile; fileRef = 3C76FF802BED376200674C7F /* Assets.xcassets */; };
		3C76FF842BED376200674C7F /* Preview Assets.xcassets in Resources */ = {isa = PBXBuildFile; fileRef = 3C76FF832BED376200674C7F /* Preview Assets.xcassets */; };
		3C76FF8F2BED376200674C7F /* TunnelOfCirclesTests.swift in Sources */ = {isa = PBXBuildFile; fileRef = 3C76FF8E2BED376200674C7F /* TunnelOfCirclesTests.swift */; };
/* End PBXBuildFile section */

/* Begin PBXContainerItemProxy section */
		3C76FF8B2BED376200674C7F /* PBXContainerItemProxy */ = {
			isa = PBXContainerItemProxy;
			containerPortal = 3C76FF6D2BED375F00674C7F /* Project object */;
			proxyType = 1;
			remoteGlobalIDString = 3C76FF742BED375F00674C7F;
			remoteInfo = TunnelOfCircles;
		};
/* End PBXContainerItemProxy section */

/* Begin PBXFileReference section */
		3C76FF752BED375F00674C7F /* TunnelOfCircles.app */ = {isa = PBXFileReference; explicitFileType = wrapper.application; includeInIndex = 0; path = TunnelOfCircles.app; sourceTree = BUILT_PRODUCTS_DIR; };
		3C76FF792BED375F00674C7F /* RealityKitContent */ = {isa = PBXFileReference; lastKnownFileType = wrapper; path = RealityKitContent; sourceTree = "<group>"; };
		3C76FF7C2BED375F00674C7F /* TunnelOfCirclesApp.swift */ = {isa = PBXFileReference; lastKnownFileType = sourcecode.swift; path = TunnelOfCirclesApp.swift; sourceTree = "<group>"; };
		3C76FF7E2BED375F00674C7F /* ContentView.swift */ = {isa = PBXFileReference; lastKnownFileType = sourcecode.swift; path = ContentView.swift; sourceTree = "<group>"; };
		3C76FF802BED376200674C7F /* Assets.xcassets */ = {isa = PBXFileReference; lastKnownFileType = folder.assetcatalog; path = Assets.xcassets; sourceTree = "<group>"; };
		3C76FF832BED376200674C7F /* Preview Assets.xcassets */ = {isa = PBXFileReference; lastKnownFileType = folder.assetcatalog; path = "Preview Assets.xcassets"; sourceTree = "<group>"; };
		3C76FF852BED376200674C7F /* Info.plist */ = {isa = PBXFileReference; lastKnownFileType = text.plist.xml; path = Info.plist; sourceTree = "<group>"; };
		3C76FF8A2BED376200674C7F /* TunnelOfCirclesTests.xctest */ = {isa = PBXFileReference; explicitFileType = wrapper.cfbundle; includeInIndex = 0; path = TunnelOfCirclesTests.xctest; sourceTree = BUILT_PRODUCTS_DIR; };
		3C76FF8E2BED376200674C7F /* TunnelOfCirclesTests.swift */ = {isa = PBXFileReference; lastKnownFileType = sourcecode.swift; path = TunnelOfCirclesTests.swift; sourceTree = "<group>"; };
/* End PBXFileReference section */

/* Begin PBXFrameworksBuildPhase section */
		3C76FF722BED375F00674C7F /* Frameworks */ = {
			isa = PBXFrameworksBuildPhase;
			buildActionMask = 2147483647;
			files = (
				3C76FF7B2BED375F00674C7F /* RealityKitContent in Frameworks */,
			);
			runOnlyForDeploymentPostprocessing = 0;
		};
		3C76FF872BED376200674C7F /* Frameworks */ = {
			isa = PBXFrameworksBuildPhase;
			buildActionMask = 2147483647;
			files = (
			);
			runOnlyForDeploymentPostprocessing = 0;
		};
/* End PBXFrameworksBuildPhase section */

/* Begin PBXGroup section */
		3C76FF6C2BED375F00674C7F = {
			isa = PBXGroup;
			children = (
				3C76FF772BED375F00674C7F /* TunnelOfCircles */,
				3C76FF782BED375F00674C7F /* Packages */,
				3C76FF8D2BED376200674C7F /* TunnelOfCirclesTests */,
				3C76FF762BED375F00674C7F /* Products */,
			);
			sourceTree = "<group>";
		};
		3C76FF762BED375F00674C7F /* Products */ = {
			isa = PBXGroup;
			children = (
				3C76FF752BED375F00674C7F /* TunnelOfCircles.app */,
				3C76FF8A2BED376200674C7F /* TunnelOfCirclesTests.xctest */,
			);
			name = Products;
			sourceTree = "<group>";
		};
		3C76FF772BED375F00674C7F /* TunnelOfCircles */ = {
			isa = PBXGroup;
			children = (
				3C76FF7C2BED375F00674C7F /* TunnelOfCirclesApp.swift */,
				3C76FF7E2BED375F00674C7F /* ContentView.swift */,
				3C76FF802BED376200674C7F /* Assets.xcassets */,
				3C76FF852BED376200674C7F /* Info.plist */,
				3C76FF822BED376200674C7F /* Preview Content */,
			);
			path = TunnelOfCircles;
			sourceTree = "<group>";
		};
		3C76FF782BED375F00674C7F /* Packages */ = {
			isa = PBXGroup;
			children = (
				3C76FF792BED375F00674C7F /* RealityKitContent */,
			);
			path = Packages;
			sourceTree = "<group>";
		};
		3C76FF822BED376200674C7F /* Preview Content */ = {
			isa = PBXGroup;
			children = (
				3C76FF832BED376200674C7F /* Preview Assets.xcassets */,
			);
			path = "Preview Content";
			sourceTree = "<group>";
		};
		3C76FF8D2BED376200674C7F /* TunnelOfCirclesTests */ = {
			isa = PBXGroup;
			children = (
				3C76FF8E2BED376200674C7F /* TunnelOfCirclesTests.swift */,
			);
			path = TunnelOfCirclesTests;
			sourceTree = "<group>";
		};
/* End PBXGroup section */

/* Begin PBXNativeTarget section */
		3C76FF742BED375F00674C7F /* TunnelOfCircles */ = {
			isa = PBXNativeTarget;
			buildConfigurationList = 3C76FF922BED376200674C7F /* Build configuration list for PBXNativeTarget "TunnelOfCircles" */;
			buildPhases = (
				3C76FF712BED375F00674C7F /* Sources */,
				3C76FF722BED375F00674C7F /* Frameworks */,
				3C76FF732BED375F00674C7F /* Resources */,
			);
			buildRules = (
			);
			dependencies = (
			);
			name = TunnelOfCircles;
			packageProductDependencies = (
				3C76FF7A2BED375F00674C7F /* RealityKitContent */,
			);
			productName = TunnelOfCircles;
			productReference = 3C76FF752BED375F00674C7F /* TunnelOfCircles.app */;
			productType = "com.apple.product-type.application";
		};
		3C76FF892BED376200674C7F /* TunnelOfCirclesTests */ = {
			isa = PBXNativeTarget;
			buildConfigurationList = 3C76FF952BED376200674C7F /* Build configuration list for PBXNativeTarget "TunnelOfCirclesTests" */;
			buildPhases = (
				3C76FF862BED376200674C7F /* Sources */,
				3C76FF872BED376200674C7F /* Frameworks */,
				3C76FF882BED376200674C7F /* Resources */,
			);
			buildRules = (
			);
			dependencies = (
				3C76FF8C2BED376200674C7F /* PBXTargetDependency */,
			);
			name = TunnelOfCirclesTests;
			productName = TunnelOfCirclesTests;
			productReference = 3C76FF8A2BED376200674C7F /* TunnelOfCirclesTests.xctest */;
			productType = "com.apple.product-type.bundle.unit-test";
		};
/* End PBXNativeTarget section */

/* Begin PBXProject section */
		3C76FF6D2BED375F00674C7F /* Project object */ = {
			isa = PBXProject;
			attributes = {
				BuildIndependentTargetsInParallel = 1;
				LastSwiftUpdateCheck = 1530;
				LastUpgradeCheck = 1530;
				TargetAttributes = {
					3C76FF742BED375F00674C7F = {
						CreatedOnToolsVersion = 15.3;
					};
					3C76FF892BED376200674C7F = {
						CreatedOnToolsVersion = 15.3;
						TestTargetID = 3C76FF742BED375F00674C7F;
					};
				};
			};
			buildConfigurationList = 3C76FF702BED375F00674C7F /* Build configuration list for PBXProject "TunnelOfCircles" */;
			compatibilityVersion = "Xcode 14.0";
			developmentRegion = en;
			hasScannedForEncodings = 0;
			knownRegions = (
				en,
				Base,
			);
			mainGroup = 3C76FF6C2BED375F00674C7F;
			productRefGroup = 3C76FF762BED375F00674C7F /* Products */;
			projectDirPath = "";
			projectRoot = "";
			targets = (
				3C76FF742BED375F00674C7F /* TunnelOfCircles */,
				3C76FF892BED376200674C7F /* TunnelOfCirclesTests */,
			);
		};
/* End PBXProject section */

/* Begin PBXResourcesBuildPhase section */
		3C76FF732BED375F00674C7F /* Resources */ = {
			isa = PBXResourcesBuildPhase;
			buildActionMask = 2147483647;
			files = (
				3C76FF842BED376200674C7F /* Preview Assets.xcassets in Resources */,
				3C76FF812BED376200674C7F /* Assets.xcassets in Resources */,
			);
			runOnlyForDeploymentPostprocessing = 0;
		};
		3C76FF882BED376200674C7F /* Resources */ = {
			isa = PBXResourcesBuildPhase;
			buildActionMask = 2147483647;
			files = (
			);
			runOnlyForDeploymentPostprocessing = 0;
		};
/* End PBXResourcesBuildPhase section */

/* Begin PBXSourcesBuildPhase section */
		3C76FF712BED375F00674C7F /* Sources */ = {
			isa = PBXSourcesBuildPhase;
			buildActionMask = 2147483647;
			files = (
				3C76FF7F2BED375F00674C7F /* ContentView.swift in Sources */,
				3C76FF7D2BED375F00674C7F /* TunnelOfCirclesApp.swift in Sources */,
			);
			runOnlyForDeploymentPostprocessing = 0;
		};
		3C76FF862BED376200674C7F /* Sources */ = {
			isa = PBXSourcesBuildPhase;
			buildActionMask = 2147483647;
			files = (
				3C76FF8F2BED376200674C7F /* TunnelOfCirclesTests.swift in Sources */,
			);
			runOnlyForDeploymentPostprocessing = 0;
		};
/* End PBXSourcesBuildPhase section */

/* Begin PBXTargetDependency section */
		3C76FF8C2BED376200674C7F /* PBXTargetDependency */ = {
			isa = PBXTargetDependency;
			target = 3C76FF742BED375F00674C7F /* TunnelOfCircles */;
			targetProxy = 3C76FF8B2BED376200674C7F /* PBXContainerItemProxy */;
		};
/* End PBXTargetDependency section */

/* Begin XCBuildConfiguration section */
		3C76FF902BED376200674C7F /* Debug */ = {
			isa = XCBuildConfiguration;
			buildSettings = {
				ALWAYS_SEARCH_USER_PATHS = NO;
				ASSETCATALOG_COMPILER_GENERATE_SWIFT_ASSET_SYMBOL_EXTENSIONS = YES;
				CLANG_ANALYZER_NONNULL = YES;
				CLANG_ANALYZER_NUMBER_OBJECT_CONVERSION = YES_AGGRESSIVE;
				CLANG_CXX_LANGUAGE_STANDARD = "gnu++20";
				CLANG_ENABLE_MODULES = YES;
				CLANG_ENABLE_OBJC_ARC = YES;
				CLANG_ENABLE_OBJC_WEAK = YES;
				CLANG_WARN_BLOCK_CAPTURE_AUTORELEASING = YES;
				CLANG_WARN_BOOL_CONVERSION = YES;
				CLANG_WARN_COMMA = YES;
				CLANG_WARN_CONSTANT_CONVERSION = YES;
				CLANG_WARN_DEPRECATED_OBJC_IMPLEMENTATIONS = YES;
				CLANG_WARN_DIRECT_OBJC_ISA_USAGE = YES_ERROR;
				CLANG_WARN_DOCUMENTATION_COMMENTS = YES;
				CLANG_WARN_EMPTY_BODY = YES;
				CLANG_WARN_ENUM_CONVERSION = YES;
				CLANG_WARN_INFINITE_RECURSION = YES;
				CLANG_WARN_INT_CONVERSION = YES;
				CLANG_WARN_NON_LITERAL_NULL_CONVERSION = YES;
				CLANG_WARN_OBJC_IMPLICIT_RETAIN_SELF = YES;
				CLANG_WARN_OBJC_LITERAL_CONVERSION = YES;
				CLANG_WARN_OBJC_ROOT_CLASS = YES_ERROR;
				CLANG_WARN_QUOTED_INCLUDE_IN_FRAMEWORK_HEADER = YES;
				CLANG_WARN_RANGE_LOOP_ANALYSIS = YES;
				CLANG_WARN_STRICT_PROTOTYPES = YES;
				CLANG_WARN_SUSPICIOUS_MOVE = YES;
				CLANG_WARN_UNGUARDED_AVAILABILITY = YES_AGGRESSIVE;
				CLANG_WARN_UNREACHABLE_CODE = YES;
				CLANG_WARN__DUPLICATE_METHOD_MATCH = YES;
				COPY_PHASE_STRIP = NO;
				DEBUG_INFORMATION_FORMAT = dwarf;
				ENABLE_STRICT_OBJC_MSGSEND = YES;
				ENABLE_TESTABILITY = YES;
				ENABLE_USER_SCRIPT_SANDBOXING = YES;
				GCC_C_LANGUAGE_STANDARD = gnu17;
				GCC_DYNAMIC_NO_PIC = NO;
				GCC_NO_COMMON_BLOCKS = YES;
				GCC_OPTIMIZATION_LEVEL = 0;
				GCC_PREPROCESSOR_DEFINITIONS = (
					"DEBUG=1",
					"$(inherited)",
				);
				GCC_WARN_64_TO_32_BIT_CONVERSION = YES;
				GCC_WARN_ABOUT_RETURN_TYPE = YES_ERROR;
				GCC_WARN_UNDECLARED_SELECTOR = YES;
				GCC_WARN_UNINITIALIZED_AUTOS = YES_AGGRESSIVE;
				GCC_WARN_UNUSED_FUNCTION = YES;
				GCC_WARN_UNUSED_VARIABLE = YES;
				LOCALIZATION_PREFERS_STRING_CATALOGS = YES;
				MTL_ENABLE_DEBUG_INFO = INCLUDE_SOURCE;
				MTL_FAST_MATH = YES;
				ONLY_ACTIVE_ARCH = YES;
				SDKROOT = xros;
				SWIFT_ACTIVE_COMPILATION_CONDITIONS = "DEBUG $(inherited)";
				SWIFT_OPTIMIZATION_LEVEL = "-Onone";
				XROS_DEPLOYMENT_TARGET = 1.2;
			};
			name = Debug;
		};
		3C76FF912BED376200674C7F /* Release */ = {
			isa = XCBuildConfiguration;
			buildSettings = {
				ALWAYS_SEARCH_USER_PATHS = NO;
				ASSETCATALOG_COMPILER_GENERATE_SWIFT_ASSET_SYMBOL_EXTENSIONS = YES;
				CLANG_ANALYZER_NONNULL = YES;
				CLANG_ANALYZER_NUMBER_OBJECT_CONVERSION = YES_AGGRESSIVE;
				CLANG_CXX_LANGUAGE_STANDARD = "gnu++20";
				CLANG_ENABLE_MODULES = YES;
				CLANG_ENABLE_OBJC_ARC = YES;
				CLANG_ENABLE_OBJC_WEAK = YES;
				CLANG_WARN_BLOCK_CAPTURE_AUTORELEASING = YES;
				CLANG_WARN_BOOL_CONVERSION = YES;
				CLANG_WARN_COMMA = YES;
				CLANG_WARN_CONSTANT_CONVERSION = YES;
				CLANG_WARN_DEPRECATED_OBJC_IMPLEMENTATIONS = YES;
				CLANG_WARN_DIRECT_OBJC_ISA_USAGE = YES_ERROR;
				CLANG_WARN_DOCUMENTATION_COMMENTS = YES;
				CLANG_WARN_EMPTY_BODY = YES;
				CLANG_WARN_ENUM_CONVERSION = YES;
				CLANG_WARN_INFINITE_RECURSION = YES;
				CLANG_WARN_INT_CONVERSION = YES;
				CLANG_WARN_NON_LITERAL_NULL_CONVERSION = YES;
				CLANG_WARN_OBJC_IMPLICIT_RETAIN_SELF = YES;
				CLANG_WARN_OBJC_LITERAL_CONVERSION = YES;
				CLANG_WARN_OBJC_ROOT_CLASS = YES_ERROR;
				CLANG_WARN_QUOTED_INCLUDE_IN_FRAMEWORK_HEADER = YES;
				CLANG_WARN_RANGE_LOOP_ANALYSIS = YES;
				CLANG_WARN_STRICT_PROTOTYPES = YES;
				CLANG_WARN_SUSPICIOUS_MOVE = YES;
				CLANG_WARN_UNGUARDED_AVAILABILITY = YES_AGGRESSIVE;
				CLANG_WARN_UNREACHABLE_CODE = YES;
				CLANG_WARN__DUPLICATE_METHOD_MATCH = YES;
				COPY_PHASE_STRIP = NO;
				DEBUG_INFORMATION_FORMAT = "dwarf-with-dsym";
				ENABLE_NS_ASSERTIONS = NO;
				ENABLE_STRICT_OBJC_MSGSEND = YES;
				ENABLE_USER_SCRIPT_SANDBOXING = YES;
				GCC_C_LANGUAGE_STANDARD = gnu17;
				GCC_NO_COMMON_BLOCKS = YES;
				GCC_WARN_64_TO_32_BIT_CONVERSION = YES;
				GCC_WARN_ABOUT_RETURN_TYPE = YES_ERROR;
				GCC_WARN_UNDECLARED_SELECTOR = YES;
				GCC_WARN_UNINITIALIZED_AUTOS = YES_AGGRESSIVE;
				GCC_WARN_UNUSED_FUNCTION = YES;
				GCC_WARN_UNUSED_VARIABLE = YES;
				LOCALIZATION_PREFERS_STRING_CATALOGS = YES;
				MTL_ENABLE_DEBUG_INFO = NO;
				MTL_FAST_MATH = YES;
				SDKROOT = xros;
				SWIFT_COMPILATION_MODE = wholemodule;
				VALIDATE_PRODUCT = YES;
				XROS_DEPLOYMENT_TARGET = 1.2;
			};
			name = Release;
		};
		3C76FF932BED376200674C7F /* Debug */ = {
			isa = XCBuildConfiguration;
			buildSettings = {
				ASSETCATALOG_COMPILER_APPICON_NAME = AppIcon;
				ASSETCATALOG_COMPILER_GLOBAL_ACCENT_COLOR_NAME = AccentColor;
				CODE_SIGN_STYLE = Automatic;
				CURRENT_PROJECT_VERSION = 1;
				DEVELOPMENT_ASSET_PATHS = "\"TunnelOfCircles/Preview Content\"";
				DEVELOPMENT_TEAM = 4XGN42WFYR;
				ENABLE_PREVIEWS = YES;
				GENERATE_INFOPLIST_FILE = YES;
				INFOPLIST_FILE = "$(TARGET_NAME)/Info.plist";
				LD_RUNPATH_SEARCH_PATHS = (
					"$(inherited)",
					"@executable_path/Frameworks",
				);
				MARKETING_VERSION = 1.0;
				PRODUCT_BUNDLE_IDENTIFIER = name.sampugliese.TunnelOfCircles;
				PRODUCT_NAME = "$(TARGET_NAME)";
				SUPPORTED_PLATFORMS = "xros xrsimulator";
				SWIFT_EMIT_LOC_STRINGS = YES;
				SWIFT_VERSION = 5.0;
				TARGETED_DEVICE_FAMILY = "1,2,7";
			};
			name = Debug;
		};
		3C76FF942BED376200674C7F /* Release */ = {
			isa = XCBuildConfiguration;
			buildSettings = {
				ASSETCATALOG_COMPILER_APPICON_NAME = AppIcon;
				ASSETCATALOG_COMPILER_GLOBAL_ACCENT_COLOR_NAME = AccentColor;
				CODE_SIGN_STYLE = Automatic;
				CURRENT_PROJECT_VERSION = 1;
				DEVELOPMENT_ASSET_PATHS = "\"TunnelOfCircles/Preview Content\"";
				DEVELOPMENT_TEAM = 4XGN42WFYR;
				ENABLE_PREVIEWS = YES;
				GENERATE_INFOPLIST_FILE = YES;
				INFOPLIST_FILE = "$(TARGET_NAME)/Info.plist";
				LD_RUNPATH_SEARCH_PATHS = (
					"$(inherited)",
					"@executable_path/Frameworks",
				);
				MARKETING_VERSION = 1.0;
				PRODUCT_BUNDLE_IDENTIFIER = name.sampugliese.TunnelOfCircles;
				PRODUCT_NAME = "$(TARGET_NAME)";
				SUPPORTED_PLATFORMS = "xros xrsimulator";
				SWIFT_EMIT_LOC_STRINGS = YES;
				SWIFT_VERSION = 5.0;
				TARGETED_DEVICE_FAMILY = "1,2,7";
			};
			name = Release;
		};
		3C76FF962BED376200674C7F /* Debug */ = {
			isa = XCBuildConfiguration;
			buildSettings = {
				ALWAYS_EMBED_SWIFT_STANDARD_LIBRARIES = YES;
				BUNDLE_LOADER = "$(TEST_HOST)";
				CODE_SIGN_STYLE = Automatic;
				CURRENT_PROJECT_VERSION = 1;
				DEVELOPMENT_TEAM = 4XGN42WFYR;
				GENERATE_INFOPLIST_FILE = YES;
				MARKETING_VERSION = 1.0;
				PRODUCT_BUNDLE_IDENTIFIER = name.sampugliese.TunnelOfCirclesTests;
				PRODUCT_NAME = "$(TARGET_NAME)";
				SUPPORTED_PLATFORMS = "xros xrsimulator";
				SWIFT_EMIT_LOC_STRINGS = NO;
				SWIFT_VERSION = 5.0;
				TARGETED_DEVICE_FAMILY = "1,2,7";
				TEST_HOST = "$(BUILT_PRODUCTS_DIR)/TunnelOfCircles.app/$(BUNDLE_EXECUTABLE_FOLDER_PATH)/TunnelOfCircles";
				XROS_DEPLOYMENT_TARGET = 1.2;
			};
			name = Debug;
		};
		3C76FF972BED376200674C7F /* Release */ = {
			isa = XCBuildConfiguration;
			buildSettings = {
				ALWAYS_EMBED_SWIFT_STANDARD_LIBRARIES = YES;
				BUNDLE_LOADER = "$(TEST_HOST)";
				CODE_SIGN_STYLE = Automatic;
				CURRENT_PROJECT_VERSION = 1;
				DEVELOPMENT_TEAM = 4XGN42WFYR;
				GENERATE_INFOPLIST_FILE = YES;
				MARKETING_VERSION = 1.0;
				PRODUCT_BUNDLE_IDENTIFIER = name.sampugliese.TunnelOfCirclesTests;
				PRODUCT_NAME = "$(TARGET_NAME)";
				SUPPORTED_PLATFORMS = "xros xrsimulator";
				SWIFT_EMIT_LOC_STRINGS = NO;
				SWIFT_VERSION = 5.0;
				TARGETED_DEVICE_FAMILY = "1,2,7";
				TEST_HOST = "$(BUILT_PRODUCTS_DIR)/TunnelOfCircles.app/$(BUNDLE_EXECUTABLE_FOLDER_PATH)/TunnelOfCircles";
				XROS_DEPLOYMENT_TARGET = 1.2;
			};
			name = Release;
		};
/* End XCBuildConfiguration section */

/* Begin XCConfigurationList section */
		3C76FF702BED375F00674C7F /* Build configuration list for PBXProject "TunnelOfCircles" */ = {
			isa = XCConfigurationList;
			buildConfigurations = (
				3C76FF902BED376200674C7F /* Debug */,
				3C76FF912BED376200674C7F /* Release */,
			);
			defaultConfigurationIsVisible = 0;
			defaultConfigurationName = Release;
		};
		3C76FF922BED376200674C7F /* Build configuration list for PBXNativeTarget "TunnelOfCircles" */ = {
			isa = XCConfigurationList;
			buildConfigurations = (
				3C76FF932BED376200674C7F /* Debug */,
				3C76FF942BED376200674C7F /* Release */,
			);
			defaultConfigurationIsVisible = 0;
			defaultConfigurationName = Release;
		};
		3C76FF952BED376200674C7F /* Build configuration list for PBXNativeTarget "TunnelOfCirclesTests" */ = {
			isa = XCConfigurationList;
			buildConfigurations = (
				3C76FF962BED376200674C7F /* Debug */,
				3C76FF972BED376200674C7F /* Release */,
			);
			defaultConfigurationIsVisible = 0;
			defaultConfigurationName = Release;
		};
/* End XCConfigurationList section */

/* Begin XCSwiftPackageProductDependency section */
		3C76FF7A2BED375F00674C7F /* RealityKitContent */ = {
			isa = XCSwiftPackageProductDependency;
			productName = RealityKitContent;
		};
/* End XCSwiftPackageProductDependency section */
	};
	rootObject = 3C76FF6D2BED375F00674C7F /* Project object */;
}
